// !$*UTF8*$!
{
	archiveVersion = 1;
	classes = {
	};
	objectVersion = 55;
	objects = {

/* Begin PBXBuildFile section */
		E66B38F3285F2F510013338B /* Login-0-ViewController.swift in Sources */ = {isa = PBXBuildFile; fileRef = E66B38F2285F2F510013338B /* Login-0-ViewController.swift */; };
		E66B38F5285F2F920013338B /* History-0-ViewController.swift in Sources */ = {isa = PBXBuildFile; fileRef = E66B38F4285F2F920013338B /* History-0-ViewController.swift */; };
		E66B38F7285F2FD40013338B /* Record-0-ViewController.swift in Sources */ = {isa = PBXBuildFile; fileRef = E66B38F6285F2FD40013338B /* Record-0-ViewController.swift */; };
		E66B38F9285F300D0013338B /* Analize-0-ViewController.swift in Sources */ = {isa = PBXBuildFile; fileRef = E66B38F8285F300D0013338B /* Analize-0-ViewController.swift */; };
		E66B38FB285F303B0013338B /* Ranking-0-ViewController.swift in Sources */ = {isa = PBXBuildFile; fileRef = E66B38FA285F303B0013338B /* Ranking-0-ViewController.swift */; };
		E66B38FE285F32F50013338B /* Login-1-2-ViewController.swift in Sources */ = {isa = PBXBuildFile; fileRef = E66B38FD285F32F50013338B /* Login-1-2-ViewController.swift */; };
		E66B3904287852860013338B /* Login-1-1-ViewController.swift in Sources */ = {isa = PBXBuildFile; fileRef = E66B3903287852860013338B /* Login-1-1-ViewController.swift */; };
		E66B3906287852F30013338B /* Login-1-3-ViewController.swift in Sources */ = {isa = PBXBuildFile; fileRef = E66B3905287852F30013338B /* Login-1-3-ViewController.swift */; };
		E66B3908287853180013338B /* Login-1-4-ViewController.swift in Sources */ = {isa = PBXBuildFile; fileRef = E66B3907287853180013338B /* Login-1-4-ViewController.swift */; };
		E66B390A2878533E0013338B /* Login-1-5-ViewController.swift in Sources */ = {isa = PBXBuildFile; fileRef = E66B39092878533E0013338B /* Login-1-5-ViewController.swift */; };
		E66B390C287853590013338B /* Login-1-6-ViewController.swift in Sources */ = {isa = PBXBuildFile; fileRef = E66B390B287853590013338B /* Login-1-6-ViewController.swift */; };
		E66B390E287853B20013338B /* Login-1-7-ViewController.swift in Sources */ = {isa = PBXBuildFile; fileRef = E66B390D287853B20013338B /* Login-1-7-ViewController.swift */; };
		E66B3910287853C40013338B /* Login-1-8-ViewController.swift in Sources */ = {isa = PBXBuildFile; fileRef = E66B390F287853C40013338B /* Login-1-8-ViewController.swift */; };
		E66B3912287854390013338B /* Login-2-1-ViewController.swift in Sources */ = {isa = PBXBuildFile; fileRef = E66B3911287854390013338B /* Login-2-1-ViewController.swift */; };
		E66B39142878544D0013338B /* Login-2-2-ViewController.swift in Sources */ = {isa = PBXBuildFile; fileRef = E66B39132878544D0013338B /* Login-2-2-ViewController.swift */; };
		E66B3916287854900013338B /* History-1-ViewController.swift in Sources */ = {isa = PBXBuildFile; fileRef = E66B3915287854900013338B /* History-1-ViewController.swift */; };
		E66B3918287854DC0013338B /* History-2-ViewController.swift in Sources */ = {isa = PBXBuildFile; fileRef = E66B3917287854DC0013338B /* History-2-ViewController.swift */; };
		E66B391A2878550E0013338B /* History-3-ViewController.swift in Sources */ = {isa = PBXBuildFile; fileRef = E66B39192878550E0013338B /* History-3-ViewController.swift */; };
		E66B391C287855370013338B /* Record-1-ViewController.swift in Sources */ = {isa = PBXBuildFile; fileRef = E66B391B287855370013338B /* Record-1-ViewController.swift */; };
		E66B391E2878554E0013338B /* Record-2-ViewController.swift in Sources */ = {isa = PBXBuildFile; fileRef = E66B391D2878554E0013338B /* Record-2-ViewController.swift */; };
		E66B3920287855D90013338B /* Ranking-1-ViewController.swift in Sources */ = {isa = PBXBuildFile; fileRef = E66B391F287855D90013338B /* Ranking-1-ViewController.swift */; };
		E66B3922287855F60013338B /* Analize-1-ViewController.swift in Sources */ = {isa = PBXBuildFile; fileRef = E66B3921287855F60013338B /* Analize-1-ViewController.swift */; };
		E6F861CA284C83FE00A62B2E /* AppDelegate.swift in Sources */ = {isa = PBXBuildFile; fileRef = E6F861C9284C83FE00A62B2E /* AppDelegate.swift */; };
		E6F861CC284C83FE00A62B2E /* SceneDelegate.swift in Sources */ = {isa = PBXBuildFile; fileRef = E6F861CB284C83FE00A62B2E /* SceneDelegate.swift */; };
		E6F861D1284C83FE00A62B2E /* Main.storyboard in Resources */ = {isa = PBXBuildFile; fileRef = E6F861CF284C83FE00A62B2E /* Main.storyboard */; };
		E6F861D3284C840100A62B2E /* Assets.xcassets in Resources */ = {isa = PBXBuildFile; fileRef = E6F861D2284C840100A62B2E /* Assets.xcassets */; };
		E6F861D6284C840100A62B2E /* LaunchScreen.storyboard in Resources */ = {isa = PBXBuildFile; fileRef = E6F861D4284C840100A62B2E /* LaunchScreen.storyboard */; };
/* End PBXBuildFile section */

/* Begin PBXFileReference section */
		E66B38F2285F2F510013338B /* Login-0-ViewController.swift */ = {isa = PBXFileReference; lastKnownFileType = sourcecode.swift; path = "Login-0-ViewController.swift"; sourceTree = "<group>"; };
		E66B38F4285F2F920013338B /* History-0-ViewController.swift */ = {isa = PBXFileReference; lastKnownFileType = sourcecode.swift; path = "History-0-ViewController.swift"; sourceTree = "<group>"; };
		E66B38F6285F2FD40013338B /* Record-0-ViewController.swift */ = {isa = PBXFileReference; lastKnownFileType = sourcecode.swift; path = "Record-0-ViewController.swift"; sourceTree = "<group>"; };
		E66B38F8285F300D0013338B /* Analize-0-ViewController.swift */ = {isa = PBXFileReference; lastKnownFileType = sourcecode.swift; path = "Analize-0-ViewController.swift"; sourceTree = "<group>"; };
		E66B38FA285F303B0013338B /* Ranking-0-ViewController.swift */ = {isa = PBXFileReference; lastKnownFileType = sourcecode.swift; path = "Ranking-0-ViewController.swift"; sourceTree = "<group>"; };
		E66B38FD285F32F50013338B /* Login-1-2-ViewController.swift */ = {isa = PBXFileReference; lastKnownFileType = sourcecode.swift; path = "Login-1-2-ViewController.swift"; sourceTree = "<group>"; };
		E66B3903287852860013338B /* Login-1-1-ViewController.swift */ = {isa = PBXFileReference; lastKnownFileType = sourcecode.swift; path = "Login-1-1-ViewController.swift"; sourceTree = "<group>"; };
		E66B3905287852F30013338B /* Login-1-3-ViewController.swift */ = {isa = PBXFileReference; lastKnownFileType = sourcecode.swift; path = "Login-1-3-ViewController.swift"; sourceTree = "<group>"; };
		E66B3907287853180013338B /* Login-1-4-ViewController.swift */ = {isa = PBXFileReference; lastKnownFileType = sourcecode.swift; path = "Login-1-4-ViewController.swift"; sourceTree = "<group>"; };
		E66B39092878533E0013338B /* Login-1-5-ViewController.swift */ = {isa = PBXFileReference; lastKnownFileType = sourcecode.swift; path = "Login-1-5-ViewController.swift"; sourceTree = "<group>"; };
		E66B390B287853590013338B /* Login-1-6-ViewController.swift */ = {isa = PBXFileReference; lastKnownFileType = sourcecode.swift; path = "Login-1-6-ViewController.swift"; sourceTree = "<group>"; };
		E66B390D287853B20013338B /* Login-1-7-ViewController.swift */ = {isa = PBXFileReference; lastKnownFileType = sourcecode.swift; path = "Login-1-7-ViewController.swift"; sourceTree = "<group>"; };
		E66B390F287853C40013338B /* Login-1-8-ViewController.swift */ = {isa = PBXFileReference; lastKnownFileType = sourcecode.swift; path = "Login-1-8-ViewController.swift"; sourceTree = "<group>"; };
		E66B3911287854390013338B /* Login-2-1-ViewController.swift */ = {isa = PBXFileReference; lastKnownFileType = sourcecode.swift; path = "Login-2-1-ViewController.swift"; sourceTree = "<group>"; };
		E66B39132878544D0013338B /* Login-2-2-ViewController.swift */ = {isa = PBXFileReference; lastKnownFileType = sourcecode.swift; path = "Login-2-2-ViewController.swift"; sourceTree = "<group>"; };
		E66B3915287854900013338B /* History-1-ViewController.swift */ = {isa = PBXFileReference; lastKnownFileType = sourcecode.swift; path = "History-1-ViewController.swift"; sourceTree = "<group>"; };
		E66B3917287854DC0013338B /* History-2-ViewController.swift */ = {isa = PBXFileReference; lastKnownFileType = sourcecode.swift; path = "History-2-ViewController.swift"; sourceTree = "<group>"; };
		E66B39192878550E0013338B /* History-3-ViewController.swift */ = {isa = PBXFileReference; lastKnownFileType = sourcecode.swift; path = "History-3-ViewController.swift"; sourceTree = "<group>"; };
		E66B391B287855370013338B /* Record-1-ViewController.swift */ = {isa = PBXFileReference; lastKnownFileType = sourcecode.swift; path = "Record-1-ViewController.swift"; sourceTree = "<group>"; };
		E66B391D2878554E0013338B /* Record-2-ViewController.swift */ = {isa = PBXFileReference; lastKnownFileType = sourcecode.swift; path = "Record-2-ViewController.swift"; sourceTree = "<group>"; };
		E66B391F287855D90013338B /* Ranking-1-ViewController.swift */ = {isa = PBXFileReference; lastKnownFileType = sourcecode.swift; path = "Ranking-1-ViewController.swift"; sourceTree = "<group>"; };
		E66B3921287855F60013338B /* Analize-1-ViewController.swift */ = {isa = PBXFileReference; lastKnownFileType = sourcecode.swift; path = "Analize-1-ViewController.swift"; sourceTree = "<group>"; };
		E6F861C6284C83FE00A62B2E /* Track&Field.app */ = {isa = PBXFileReference; explicitFileType = wrapper.application; includeInIndex = 0; path = "Track&Field.app"; sourceTree = BUILT_PRODUCTS_DIR; };
		E6F861C9284C83FE00A62B2E /* AppDelegate.swift */ = {isa = PBXFileReference; lastKnownFileType = sourcecode.swift; path = AppDelegate.swift; sourceTree = "<group>"; };
		E6F861CB284C83FE00A62B2E /* SceneDelegate.swift */ = {isa = PBXFileReference; lastKnownFileType = sourcecode.swift; path = SceneDelegate.swift; sourceTree = "<group>"; };
		E6F861D0284C83FE00A62B2E /* Base */ = {isa = PBXFileReference; lastKnownFileType = file.storyboard; name = Base; path = Base.lproj/Main.storyboard; sourceTree = "<group>"; };
		E6F861D2284C840100A62B2E /* Assets.xcassets */ = {isa = PBXFileReference; lastKnownFileType = folder.assetcatalog; path = Assets.xcassets; sourceTree = "<group>"; };
		E6F861D5284C840100A62B2E /* Base */ = {isa = PBXFileReference; lastKnownFileType = file.storyboard; name = Base; path = Base.lproj/LaunchScreen.storyboard; sourceTree = "<group>"; };
		E6F861D7284C840100A62B2E /* Info.plist */ = {isa = PBXFileReference; lastKnownFileType = text.plist.xml; path = Info.plist; sourceTree = "<group>"; };
/* End PBXFileReference section */

/* Begin PBXFrameworksBuildPhase section */
		E6F861C3284C83FE00A62B2E /* Frameworks */ = {
			isa = PBXFrameworksBuildPhase;
			buildActionMask = 2147483647;
			files = (
			);
			runOnlyForDeploymentPostprocessing = 0;
		};
/* End PBXFrameworksBuildPhase section */

/* Begin PBXGroup section */
		E6F861BD284C83FE00A62B2E = {
			isa = PBXGroup;
			children = (
				E6F861C8284C83FE00A62B2E /* Track&Field */,
				E6F861C7284C83FE00A62B2E /* Products */,
			);
			sourceTree = "<group>";
		};
		E6F861C7284C83FE00A62B2E /* Products */ = {
			isa = PBXGroup;
			children = (
				E6F861C6284C83FE00A62B2E /* Track&Field.app */,
			);
			name = Products;
			sourceTree = "<group>";
		};
		E6F861C8284C83FE00A62B2E /* Track&Field */ = {
			isa = PBXGroup;
			children = (
				E6F861D2284C840100A62B2E /* Assets.xcassets */,
				E6F861D7284C840100A62B2E /* Info.plist */,
				E6F861CF284C83FE00A62B2E /* Main.storyboard */,
				E6F861D4284C840100A62B2E /* LaunchScreen.storyboard */,
				E6F861C9284C83FE00A62B2E /* AppDelegate.swift */,
				E6F861CB284C83FE00A62B2E /* SceneDelegate.swift */,
				E66B38F2285F2F510013338B /* Login-0-ViewController.swift */,
				E66B3903287852860013338B /* Login-1-1-ViewController.swift */,
				E66B38FD285F32F50013338B /* Login-1-2-ViewController.swift */,
				E66B3905287852F30013338B /* Login-1-3-ViewController.swift */,
				E66B3907287853180013338B /* Login-1-4-ViewController.swift */,
				E66B39092878533E0013338B /* Login-1-5-ViewController.swift */,
				E66B390B287853590013338B /* Login-1-6-ViewController.swift */,
				E66B390D287853B20013338B /* Login-1-7-ViewController.swift */,
				E66B390F287853C40013338B /* Login-1-8-ViewController.swift */,
				E66B3911287854390013338B /* Login-2-1-ViewController.swift */,
				E66B39132878544D0013338B /* Login-2-2-ViewController.swift */,
				E66B38F4285F2F920013338B /* History-0-ViewController.swift */,
				E66B3915287854900013338B /* History-1-ViewController.swift */,
				E66B3917287854DC0013338B /* History-2-ViewController.swift */,
				E66B39192878550E0013338B /* History-3-ViewController.swift */,
				E66B38F6285F2FD40013338B /* Record-0-ViewController.swift */,
				E66B391B287855370013338B /* Record-1-ViewController.swift */,
				E66B391D2878554E0013338B /* Record-2-ViewController.swift */,
				E66B38F8285F300D0013338B /* Analize-0-ViewController.swift */,
				E66B3921287855F60013338B /* Analize-1-ViewController.swift */,
				E66B38FA285F303B0013338B /* Ranking-0-ViewController.swift */,
				E66B391F287855D90013338B /* Ranking-1-ViewController.swift */,
			);
			path = "Track&Field";
			sourceTree = "<group>";
		};
/* End PBXGroup section */

/* Begin PBXNativeTarget section */
		E6F861C5284C83FE00A62B2E /* Track&Field */ = {
			isa = PBXNativeTarget;
			buildConfigurationList = E6F861DA284C840100A62B2E /* Build configuration list for PBXNativeTarget "Track&Field" */;
			buildPhases = (
				E6F861C2284C83FE00A62B2E /* Sources */,
				E6F861C3284C83FE00A62B2E /* Frameworks */,
				E6F861C4284C83FE00A62B2E /* Resources */,
			);
			buildRules = (
			);
			dependencies = (
			);
			name = "Track&Field";
			productName = "Track&Field";
			productReference = E6F861C6284C83FE00A62B2E /* Track&Field.app */;
			productType = "com.apple.product-type.application";
		};
/* End PBXNativeTarget section */

/* Begin PBXProject section */
		E6F861BE284C83FE00A62B2E /* Project object */ = {
			isa = PBXProject;
			attributes = {
				BuildIndependentTargetsInParallel = 1;
				LastSwiftUpdateCheck = 1340;
				LastUpgradeCheck = 1340;
				TargetAttributes = {
					E6F861C5284C83FE00A62B2E = {
						CreatedOnToolsVersion = 13.4.1;
					};
				};
			};
			buildConfigurationList = E6F861C1284C83FE00A62B2E /* Build configuration list for PBXProject "Track&Field" */;
			compatibilityVersion = "Xcode 13.0";
			developmentRegion = en;
			hasScannedForEncodings = 0;
			knownRegions = (
				en,
				Base,
			);
			mainGroup = E6F861BD284C83FE00A62B2E;
			productRefGroup = E6F861C7284C83FE00A62B2E /* Products */;
			projectDirPath = "";
			projectRoot = "";
			targets = (
				E6F861C5284C83FE00A62B2E /* Track&Field */,
			);
		};
/* End PBXProject section */

/* Begin PBXResourcesBuildPhase section */
		E6F861C4284C83FE00A62B2E /* Resources */ = {
			isa = PBXResourcesBuildPhase;
			buildActionMask = 2147483647;
			files = (
				E6F861D6284C840100A62B2E /* LaunchScreen.storyboard in Resources */,
				E6F861D3284C840100A62B2E /* Assets.xcassets in Resources */,
				E6F861D1284C83FE00A62B2E /* Main.storyboard in Resources */,
			);
			runOnlyForDeploymentPostprocessing = 0;
		};
/* End PBXResourcesBuildPhase section */

/* Begin PBXSourcesBuildPhase section */
		E6F861C2284C83FE00A62B2E /* Sources */ = {
			isa = PBXSourcesBuildPhase;
			buildActionMask = 2147483647;
			files = (
				E66B3918287854DC0013338B /* History-2-ViewController.swift in Sources */,
				E66B390E287853B20013338B /* Login-1-7-ViewController.swift in Sources */,
				E66B3916287854900013338B /* History-1-ViewController.swift in Sources */,
				E66B38F5285F2F920013338B /* History-0-ViewController.swift in Sources */,
				E66B3908287853180013338B /* Login-1-4-ViewController.swift in Sources */,
				E66B39142878544D0013338B /* Login-2-2-ViewController.swift in Sources */,
				E66B390A2878533E0013338B /* Login-1-5-ViewController.swift in Sources */,
				E66B3922287855F60013338B /* Analize-1-ViewController.swift in Sources */,
				E66B38F3285F2F510013338B /* Login-0-ViewController.swift in Sources */,
				E66B38F9285F300D0013338B /* Analize-0-ViewController.swift in Sources */,
				E66B38FB285F303B0013338B /* Ranking-0-ViewController.swift in Sources */,
				E66B391E2878554E0013338B /* Record-2-ViewController.swift in Sources */,
				E66B38FE285F32F50013338B /* Login-1-2-ViewController.swift in Sources */,
				E6F861CA284C83FE00A62B2E /* AppDelegate.swift in Sources */,
				E66B3906287852F30013338B /* Login-1-3-ViewController.swift in Sources */,
				E66B3904287852860013338B /* Login-1-1-ViewController.swift in Sources */,
				E66B3912287854390013338B /* Login-2-1-ViewController.swift in Sources */,
				E66B391A2878550E0013338B /* History-3-ViewController.swift in Sources */,
				E66B391C287855370013338B /* Record-1-ViewController.swift in Sources */,
				E66B38F7285F2FD40013338B /* Record-0-ViewController.swift in Sources */,
				E66B3910287853C40013338B /* Login-1-8-ViewController.swift in Sources */,
				E6F861CC284C83FE00A62B2E /* SceneDelegate.swift in Sources */,
				E66B390C287853590013338B /* Login-1-6-ViewController.swift in Sources */,
				E66B3920287855D90013338B /* Ranking-1-ViewController.swift in Sources */,
			);
			runOnlyForDeploymentPostprocessing = 0;
		};
/* End PBXSourcesBuildPhase section */

/* Begin PBXVariantGroup section */
		E6F861CF284C83FE00A62B2E /* Main.storyboard */ = {
			isa = PBXVariantGroup;
			children = (
				E6F861D0284C83FE00A62B2E /* Base */,
			);
			name = Main.storyboard;
			sourceTree = "<group>";
		};
		E6F861D4284C840100A62B2E /* LaunchScreen.storyboard */ = {
			isa = PBXVariantGroup;
			children = (
				E6F861D5284C840100A62B2E /* Base */,
			);
			name = LaunchScreen.storyboard;
			sourceTree = "<group>";
		};
/* End PBXVariantGroup section */

/* Begin XCBuildConfiguration section */
		E6F861D8284C840100A62B2E /* Debug */ = {
			isa = XCBuildConfiguration;
			buildSettings = {
				ALWAYS_SEARCH_USER_PATHS = NO;
				CLANG_ANALYZER_NONNULL = YES;
				CLANG_ANALYZER_NUMBER_OBJECT_CONVERSION = YES_AGGRESSIVE;
				CLANG_CXX_LANGUAGE_STANDARD = "gnu++17";
				CLANG_ENABLE_MODULES = YES;
				CLANG_ENABLE_OBJC_ARC = YES;
				CLANG_ENABLE_OBJC_WEAK = YES;
				CLANG_WARN_BLOCK_CAPTURE_AUTORELEASING = YES;
				CLANG_WARN_BOOL_CONVERSION = YES;
				CLANG_WARN_COMMA = YES;
				CLANG_WARN_CONSTANT_CONVERSION = YES;
				CLANG_WARN_DEPRECATED_OBJC_IMPLEMENTATIONS = YES;
				CLANG_WARN_DIRECT_OBJC_ISA_USAGE = YES_ERROR;
				CLANG_WARN_DOCUMENTATION_COMMENTS = YES;
				CLANG_WARN_EMPTY_BODY = YES;
				CLANG_WARN_ENUM_CONVERSION = YES;
				CLANG_WARN_INFINITE_RECURSION = YES;
				CLANG_WARN_INT_CONVERSION = YES;
				CLANG_WARN_NON_LITERAL_NULL_CONVERSION = YES;
				CLANG_WARN_OBJC_IMPLICIT_RETAIN_SELF = YES;
				CLANG_WARN_OBJC_LITERAL_CONVERSION = YES;
				CLANG_WARN_OBJC_ROOT_CLASS = YES_ERROR;
				CLANG_WARN_QUOTED_INCLUDE_IN_FRAMEWORK_HEADER = YES;
				CLANG_WARN_RANGE_LOOP_ANALYSIS = YES;
				CLANG_WARN_STRICT_PROTOTYPES = YES;
				CLANG_WARN_SUSPICIOUS_MOVE = YES;
				CLANG_WARN_UNGUARDED_AVAILABILITY = YES_AGGRESSIVE;
				CLANG_WARN_UNREACHABLE_CODE = YES;
				CLANG_WARN__DUPLICATE_METHOD_MATCH = YES;
				COPY_PHASE_STRIP = NO;
				DEBUG_INFORMATION_FORMAT = dwarf;
				ENABLE_STRICT_OBJC_MSGSEND = YES;
				ENABLE_TESTABILITY = YES;
				GCC_C_LANGUAGE_STANDARD = gnu11;
				GCC_DYNAMIC_NO_PIC = NO;
				GCC_NO_COMMON_BLOCKS = YES;
				GCC_OPTIMIZATION_LEVEL = 0;
				GCC_PREPROCESSOR_DEFINITIONS = (
					"DEBUG=1",
					"$(inherited)",
				);
				GCC_WARN_64_TO_32_BIT_CONVERSION = YES;
				GCC_WARN_ABOUT_RETURN_TYPE = YES_ERROR;
				GCC_WARN_UNDECLARED_SELECTOR = YES;
				GCC_WARN_UNINITIALIZED_AUTOS = YES_AGGRESSIVE;
				GCC_WARN_UNUSED_FUNCTION = YES;
				GCC_WARN_UNUSED_VARIABLE = YES;
				IPHONEOS_DEPLOYMENT_TARGET = 15.5;
				MTL_ENABLE_DEBUG_INFO = INCLUDE_SOURCE;
				MTL_FAST_MATH = YES;
				ONLY_ACTIVE_ARCH = YES;
				SDKROOT = iphoneos;
				SWIFT_ACTIVE_COMPILATION_CONDITIONS = DEBUG;
				SWIFT_OPTIMIZATION_LEVEL = "-Onone";
			};
			name = Debug;
		};
		E6F861D9284C840100A62B2E /* Release */ = {
			isa = XCBuildConfiguration;
			buildSettings = {
				ALWAYS_SEARCH_USER_PATHS = NO;
				CLANG_ANALYZER_NONNULL = YES;
				CLANG_ANALYZER_NUMBER_OBJECT_CONVERSION = YES_AGGRESSIVE;
				CLANG_CXX_LANGUAGE_STANDARD = "gnu++17";
				CLANG_ENABLE_MODULES = YES;
				CLANG_ENABLE_OBJC_ARC = YES;
				CLANG_ENABLE_OBJC_WEAK = YES;
				CLANG_WARN_BLOCK_CAPTURE_AUTORELEASING = YES;
				CLANG_WARN_BOOL_CONVERSION = YES;
				CLANG_WARN_COMMA = YES;
				CLANG_WARN_CONSTANT_CONVERSION = YES;
				CLANG_WARN_DEPRECATED_OBJC_IMPLEMENTATIONS = YES;
				CLANG_WARN_DIRECT_OBJC_ISA_USAGE = YES_ERROR;
				CLANG_WARN_DOCUMENTATION_COMMENTS = YES;
				CLANG_WARN_EMPTY_BODY = YES;
				CLANG_WARN_ENUM_CONVERSION = YES;
				CLANG_WARN_INFINITE_RECURSION = YES;
				CLANG_WARN_INT_CONVERSION = YES;
				CLANG_WARN_NON_LITERAL_NULL_CONVERSION = YES;
				CLANG_WARN_OBJC_IMPLICIT_RETAIN_SELF = YES;
				CLANG_WARN_OBJC_LITERAL_CONVERSION = YES;
				CLANG_WARN_OBJC_ROOT_CLASS = YES_ERROR;
				CLANG_WARN_QUOTED_INCLUDE_IN_FRAMEWORK_HEADER = YES;
				CLANG_WARN_RANGE_LOOP_ANALYSIS = YES;
				CLANG_WARN_STRICT_PROTOTYPES = YES;
				CLANG_WARN_SUSPICIOUS_MOVE = YES;
				CLANG_WARN_UNGUARDED_AVAILABILITY = YES_AGGRESSIVE;
				CLANG_WARN_UNREACHABLE_CODE = YES;
				CLANG_WARN__DUPLICATE_METHOD_MATCH = YES;
				COPY_PHASE_STRIP = NO;
				DEBUG_INFORMATION_FORMAT = "dwarf-with-dsym";
				ENABLE_NS_ASSERTIONS = NO;
				ENABLE_STRICT_OBJC_MSGSEND = YES;
				GCC_C_LANGUAGE_STANDARD = gnu11;
				GCC_NO_COMMON_BLOCKS = YES;
				GCC_WARN_64_TO_32_BIT_CONVERSION = YES;
				GCC_WARN_ABOUT_RETURN_TYPE = YES_ERROR;
				GCC_WARN_UNDECLARED_SELECTOR = YES;
				GCC_WARN_UNINITIALIZED_AUTOS = YES_AGGRESSIVE;
				GCC_WARN_UNUSED_FUNCTION = YES;
				GCC_WARN_UNUSED_VARIABLE = YES;
				IPHONEOS_DEPLOYMENT_TARGET = 15.5;
				MTL_ENABLE_DEBUG_INFO = NO;
				MTL_FAST_MATH = YES;
				SDKROOT = iphoneos;
				SWIFT_COMPILATION_MODE = wholemodule;
				SWIFT_OPTIMIZATION_LEVEL = "-O";
				VALIDATE_PRODUCT = YES;
			};
			name = Release;
		};
		E6F861DB284C840100A62B2E /* Debug */ = {
			isa = XCBuildConfiguration;
			buildSettings = {
				ASSETCATALOG_COMPILER_APPICON_NAME = AppIcon;
				ASSETCATALOG_COMPILER_GLOBAL_ACCENT_COLOR_NAME = AccentColor;
				CODE_SIGN_STYLE = Automatic;
				CURRENT_PROJECT_VERSION = 1;
				DEVELOPMENT_TEAM = 2WSM96GYQ5;
				GENERATE_INFOPLIST_FILE = YES;
				INFOPLIST_FILE = "Track&Field/Info.plist";
				INFOPLIST_KEY_UIApplicationSupportsIndirectInputEvents = YES;
				INFOPLIST_KEY_UILaunchStoryboardName = LaunchScreen;
				INFOPLIST_KEY_UIMainStoryboardFile = Main;
				INFOPLIST_KEY_UISupportedInterfaceOrientations_iPad = "UIInterfaceOrientationPortrait UIInterfaceOrientationPortraitUpsideDown UIInterfaceOrientationLandscapeLeft UIInterfaceOrientationLandscapeRight";
				INFOPLIST_KEY_UISupportedInterfaceOrientations_iPhone = "UIInterfaceOrientationPortrait UIInterfaceOrientationLandscapeLeft UIInterfaceOrientationLandscapeRight";
				LD_RUNPATH_SEARCH_PATHS = (
					"$(inherited)",
					"@executable_path/Frameworks",
				);
				MARKETING_VERSION = 1.0;
				PRODUCT_BUNDLE_IDENTIFIER = "com.gmail.ibusan2005.Track-Field";
				PRODUCT_NAME = "$(TARGET_NAME)";
				SWIFT_EMIT_LOC_STRINGS = YES;
				SWIFT_VERSION = 5.0;
				TARGETED_DEVICE_FAMILY = "1,2";
			};
			name = Debug;
		};
		E6F861DC284C840100A62B2E /* Release */ = {
			isa = XCBuildConfiguration;
			buildSettings = {
				ASSETCATALOG_COMPILER_APPICON_NAME = AppIcon;
				ASSETCATALOG_COMPILER_GLOBAL_ACCENT_COLOR_NAME = AccentColor;
				CODE_SIGN_STYLE = Automatic;
				CURRENT_PROJECT_VERSION = 1;
				DEVELOPMENT_TEAM = 2WSM96GYQ5;
				GENERATE_INFOPLIST_FILE = YES;
				INFOPLIST_FILE = "Track&Field/Info.plist";
				INFOPLIST_KEY_UIApplicationSupportsIndirectInputEvents = YES;
				INFOPLIST_KEY_UILaunchStoryboardName = LaunchScreen;
				INFOPLIST_KEY_UIMainStoryboardFile = Main;
				INFOPLIST_KEY_UISupportedInterfaceOrientations_iPad = "UIInterfaceOrientationPortrait UIInterfaceOrientationPortraitUpsideDown UIInterfaceOrientationLandscapeLeft UIInterfaceOrientationLandscapeRight";
				INFOPLIST_KEY_UISupportedInterfaceOrientations_iPhone = "UIInterfaceOrientationPortrait UIInterfaceOrientationLandscapeLeft UIInterfaceOrientationLandscapeRight";
				LD_RUNPATH_SEARCH_PATHS = (
					"$(inherited)",
					"@executable_path/Frameworks",
				);
				MARKETING_VERSION = 1.0;
				PRODUCT_BUNDLE_IDENTIFIER = "com.gmail.ibusan2005.Track-Field";
				PRODUCT_NAME = "$(TARGET_NAME)";
				SWIFT_EMIT_LOC_STRINGS = YES;
				SWIFT_VERSION = 5.0;
				TARGETED_DEVICE_FAMILY = "1,2";
			};
			name = Release;
		};
/* End XCBuildConfiguration section */

/* Begin XCConfigurationList section */
		E6F861C1284C83FE00A62B2E /* Build configuration list for PBXProject "Track&Field" */ = {
			isa = XCConfigurationList;
			buildConfigurations = (
				E6F861D8284C840100A62B2E /* Debug */,
				E6F861D9284C840100A62B2E /* Release */,
			);
			defaultConfigurationIsVisible = 0;
			defaultConfigurationName = Release;
		};
		E6F861DA284C840100A62B2E /* Build configuration list for PBXNativeTarget "Track&Field" */ = {
			isa = XCConfigurationList;
			buildConfigurations = (
				E6F861DB284C840100A62B2E /* Debug */,
				E6F861DC284C840100A62B2E /* Release */,
			);
			defaultConfigurationIsVisible = 0;
			defaultConfigurationName = Release;
		};
/* End XCConfigurationList section */
	};
	rootObject = E6F861BE284C83FE00A62B2E /* Project object */;
}
